
Microsoft Visual Studio Solution File, Format Version 12.00
# Visual Studio Version 17
VisualStudioVersion = 17.9.34728.123
MinimumVisualStudioVersion = 10.0.40219.1
Project("{FAE04EC0-301F-11D3-BF4B-00C04F79EFBC}") = "ATM Management Machine", "ATM Management Machine.csproj", "{498B3FDF-BEA0-45E6-A470-AF6BA9C0FD92}"
EndProject
Global
	GlobalSection(SolutionConfigurationPlatforms) = preSolution
		Debug|Any CPU = Debug|Any CPU
		Release|Any CPU = Release|Any CPU
	EndGlobalSection
	GlobalSection(ProjectConfigurationPlatforms) = postSolution
		{498B3FDF-BEA0-45E6-A470-AF6BA9C0FD92}.Debug|Any CPU.ActiveCfg = Debug|Any CPU
		{498B3FDF-BEA0-45E6-A470-AF6BA9C0FD92}.Debug|Any CPU.Build.0 = Debug|Any CPU
		{498B3FDF-BEA0-45E6-A470-AF6BA9C0FD92}.Release|Any CPU.ActiveCfg = Release|Any CPU
		{498B3FDF-BEA0-45E6-A470-AF6BA9C0FD92}.Release|Any CPU.Build.0 = Release|Any CPU
	EndGlobalSection
	GlobalSection(SolutionProperties) = preSolution
		HideSolutionNode = FALSE
	EndGlobalSection
	GlobalSection(ExtensibilityGlobals) = postSolution
		SolutionGuid = {1FBD7977-9212-4C2F-BF25-C3A8A05CCA1D}
	EndGlobalSection
EndGlobal
